
Microsoft Visual Studio Solution File, Format Version 12.00
# Visual Studio 14
VisualStudioVersion = 14.0.23107.0
MinimumVisualStudioVersion = 10.0.40219.1
Project("{FAE04EC0-301F-11D3-BF4B-00C04F79EFBC}") = "AngularHazi.Web", "AngularHazi.Web\AngularHazi.Web.csproj", "{F2C24602-81E6-4A7B-9B93-6189E880DC0E}"
EndProject
Project("{FAE04EC0-301F-11D3-BF4B-00C04F79EFBC}") = "AngularHazi.Data", "AngularHazi.Data\AngularHazi.Data.csproj", "{31B73D5E-12A3-40FB-8060-C1F936C51A38}"
EndProject
Global
	GlobalSection(SolutionConfigurationPlatforms) = preSolution
		Debug|Any CPU = Debug|Any CPU
		Release|Any CPU = Release|Any CPU
	EndGlobalSection
	GlobalSection(ProjectConfigurationPlatforms) = postSolution
		{F2C24602-81E6-4A7B-9B93-6189E880DC0E}.Debug|Any CPU.ActiveCfg = Debug|Any CPU
		{F2C24602-81E6-4A7B-9B93-6189E880DC0E}.Debug|Any CPU.Build.0 = Debug|Any CPU
		{F2C24602-81E6-4A7B-9B93-6189E880DC0E}.Release|Any CPU.ActiveCfg = Release|Any CPU
		{F2C24602-81E6-4A7B-9B93-6189E880DC0E}.Release|Any CPU.Build.0 = Release|Any CPU
		{31B73D5E-12A3-40FB-8060-C1F936C51A38}.Debug|Any CPU.ActiveCfg = Debug|Any CPU
		{31B73D5E-12A3-40FB-8060-C1F936C51A38}.Debug|Any CPU.Build.0 = Debug|Any CPU
		{31B73D5E-12A3-40FB-8060-C1F936C51A38}.Release|Any CPU.ActiveCfg = Release|Any CPU
		{31B73D5E-12A3-40FB-8060-C1F936C51A38}.Release|Any CPU.Build.0 = Release|Any CPU
	EndGlobalSection
	GlobalSection(SolutionProperties) = preSolution
		HideSolutionNode = FALSE
	EndGlobalSection
EndGlobal
